// !$*UTF8*$!
{
	archiveVersion = 1;
	classes = {
	};
	objectVersion = 50;
	objects = {

/* Begin PBXBuildFile section */
		060FCE89224E7DAD007E0F8F /* Hero.swift in Sources */ = {isa = PBXBuildFile; fileRef = 060FCE88224E7DAD007E0F8F /* Hero.swift */; };
		0626009B2285B29200014C83 /* exStatsViewController.swift in Sources */ = {isa = PBXBuildFile; fileRef = 0626009A2285B29200014C83 /* exStatsViewController.swift */; };
		06532555229821E90044FF50 /* legViewController.swift in Sources */ = {isa = PBXBuildFile; fileRef = 06532554229821E90044FF50 /* legViewController.swift */; };
		068E545422451F0E003D5B52 /* AppDelegate.swift in Sources */ = {isa = PBXBuildFile; fileRef = 068E545322451F0E003D5B52 /* AppDelegate.swift */; };
		068E545622451F0E003D5B52 /* ViewController.swift in Sources */ = {isa = PBXBuildFile; fileRef = 068E545522451F0E003D5B52 /* ViewController.swift */; };
		068E545922451F0E003D5B52 /* Main.storyboard in Resources */ = {isa = PBXBuildFile; fileRef = 068E545722451F0E003D5B52 /* Main.storyboard */; };
		068E545B22451F10003D5B52 /* Assets.xcassets in Resources */ = {isa = PBXBuildFile; fileRef = 068E545A22451F10003D5B52 /* Assets.xcassets */; };
		068E545E22451F10003D5B52 /* LaunchScreen.storyboard in Resources */ = {isa = PBXBuildFile; fileRef = 068E545C22451F10003D5B52 /* LaunchScreen.storyboard */; };
		068E546622453900003D5B52 /* testTableViewCell.swift in Sources */ = {isa = PBXBuildFile; fileRef = 068E546522453900003D5B52 /* testTableViewCell.swift */; };
		068E546822454083003D5B52 /* heroTableViewController.swift in Sources */ = {isa = PBXBuildFile; fileRef = 068E546722454083003D5B52 /* heroTableViewController.swift */; };
		06B29EEB227349DA00018688 /* testViewController.swift in Sources */ = {isa = PBXBuildFile; fileRef = 06B29EEA227349DA00018688 /* testViewController.swift */; };
/* End PBXBuildFile section */

/* Begin PBXFileReference section */
		060FCE88224E7DAD007E0F8F /* Hero.swift */ = {isa = PBXFileReference; lastKnownFileType = sourcecode.swift; path = Hero.swift; sourceTree = "<group>"; };
		0626009A2285B29200014C83 /* exStatsViewController.swift */ = {isa = PBXFileReference; lastKnownFileType = sourcecode.swift; path = exStatsViewController.swift; sourceTree = "<group>"; };
		06532554229821E90044FF50 /* legViewController.swift */ = {isa = PBXFileReference; lastKnownFileType = sourcecode.swift; path = legViewController.swift; sourceTree = "<group>"; };
		068E545022451F0E003D5B52 /* DOTA api.app */ = {isa = PBXFileReference; explicitFileType = wrapper.application; includeInIndex = 0; path = "DOTA api.app"; sourceTree = BUILT_PRODUCTS_DIR; };
		068E545322451F0E003D5B52 /* AppDelegate.swift */ = {isa = PBXFileReference; lastKnownFileType = sourcecode.swift; path = AppDelegate.swift; sourceTree = "<group>"; };
		068E545522451F0E003D5B52 /* ViewController.swift */ = {isa = PBXFileReference; lastKnownFileType = sourcecode.swift; path = ViewController.swift; sourceTree = "<group>"; };
		068E545822451F0E003D5B52 /* Base */ = {isa = PBXFileReference; lastKnownFileType = file.storyboard; name = Base; path = Base.lproj/Main.storyboard; sourceTree = "<group>"; };
		068E545A22451F10003D5B52 /* Assets.xcassets */ = {isa = PBXFileReference; lastKnownFileType = folder.assetcatalog; path = Assets.xcassets; sourceTree = "<group>"; };
		068E545D22451F10003D5B52 /* Base */ = {isa = PBXFileReference; lastKnownFileType = file.storyboard; name = Base; path = Base.lproj/LaunchScreen.storyboard; sourceTree = "<group>"; };
		068E545F22451F10003D5B52 /* Info.plist */ = {isa = PBXFileReference; lastKnownFileType = text.plist.xml; path = Info.plist; sourceTree = "<group>"; };
		068E546522453900003D5B52 /* testTableViewCell.swift */ = {isa = PBXFileReference; lastKnownFileType = sourcecode.swift; path = testTableViewCell.swift; sourceTree = "<group>"; };
		068E546722454083003D5B52 /* heroTableViewController.swift */ = {isa = PBXFileReference; lastKnownFileType = sourcecode.swift; path = heroTableViewController.swift; sourceTree = "<group>"; };
		06B29EEA227349DA00018688 /* testViewController.swift */ = {isa = PBXFileReference; lastKnownFileType = sourcecode.swift; path = testViewController.swift; sourceTree = "<group>"; };
/* End PBXFileReference section */

/* Begin PBXFrameworksBuildPhase section */
		068E544D22451F0E003D5B52 /* Frameworks */ = {
			isa = PBXFrameworksBuildPhase;
			buildActionMask = 2147483647;
			files = (
			);
			runOnlyForDeploymentPostprocessing = 0;
		};
/* End PBXFrameworksBuildPhase section */

/* Begin PBXGroup section */
		068E544722451F0E003D5B52 = {
			isa = PBXGroup;
			children = (
				068E545222451F0E003D5B52 /* DOTA api */,
				068E545122451F0E003D5B52 /* Products */,
			);
			sourceTree = "<group>";
		};
		068E545122451F0E003D5B52 /* Products */ = {
			isa = PBXGroup;
			children = (
				068E545022451F0E003D5B52 /* DOTA api.app */,
			);
			name = Products;
			sourceTree = "<group>";
		};
		068E545222451F0E003D5B52 /* DOTA api */ = {
			isa = PBXGroup;
			children = (
				068E545322451F0E003D5B52 /* AppDelegate.swift */,
				068E545522451F0E003D5B52 /* ViewController.swift */,
				0626009A2285B29200014C83 /* exStatsViewController.swift */,
				06B29EEA227349DA00018688 /* testViewController.swift */,
				06532554229821E90044FF50 /* legViewController.swift */,
				068E546522453900003D5B52 /* testTableViewCell.swift */,
				068E546722454083003D5B52 /* heroTableViewController.swift */,
				060FCE88224E7DAD007E0F8F /* Hero.swift */,
				068E545722451F0E003D5B52 /* Main.storyboard */,
				068E545A22451F10003D5B52 /* Assets.xcassets */,
				068E545C22451F10003D5B52 /* LaunchScreen.storyboard */,
				068E545F22451F10003D5B52 /* Info.plist */,
			);
			path = "DOTA api";
			sourceTree = "<group>";
		};
/* End PBXGroup section */

/* Begin PBXNativeTarget section */
		068E544F22451F0E003D5B52 /* DOTA api */ = {
			isa = PBXNativeTarget;
			buildConfigurationList = 068E546222451F10003D5B52 /* Build configuration list for PBXNativeTarget "DOTA api" */;
			buildPhases = (
				068E544C22451F0E003D5B52 /* Sources */,
				068E544D22451F0E003D5B52 /* Frameworks */,
				068E544E22451F0E003D5B52 /* Resources */,
			);
			buildRules = (
			);
			dependencies = (
			);
			name = "DOTA api";
			productName = "DOTA api";
			productReference = 068E545022451F0E003D5B52 /* DOTA api.app */;
			productType = "com.apple.product-type.application";
		};
/* End PBXNativeTarget section */

/* Begin PBXProject section */
		068E544822451F0E003D5B52 /* Project object */ = {
			isa = PBXProject;
			attributes = {
				LastSwiftUpdateCheck = 1000;
				LastUpgradeCheck = 1000;
				ORGANIZATIONNAME = RMS2018;
				TargetAttributes = {
					068E544F22451F0E003D5B52 = {
						CreatedOnToolsVersion = 10.0;
					};
				};
			};
			buildConfigurationList = 068E544B22451F0E003D5B52 /* Build configuration list for PBXProject "DOTA api" */;
			compatibilityVersion = "Xcode 9.3";
			developmentRegion = en;
			hasScannedForEncodings = 0;
			knownRegions = (
				en,
				Base,
			);
			mainGroup = 068E544722451F0E003D5B52;
			productRefGroup = 068E545122451F0E003D5B52 /* Products */;
			projectDirPath = "";
			projectRoot = "";
			targets = (
				068E544F22451F0E003D5B52 /* DOTA api */,
			);
		};
/* End PBXProject section */

/* Begin PBXResourcesBuildPhase section */
		068E544E22451F0E003D5B52 /* Resources */ = {
			isa = PBXResourcesBuildPhase;
			buildActionMask = 2147483647;
			files = (
				068E545E22451F10003D5B52 /* LaunchScreen.storyboard in Resources */,
				068E545B22451F10003D5B52 /* Assets.xcassets in Resources */,
				068E545922451F0E003D5B52 /* Main.storyboard in Resources */,
			);
			runOnlyForDeploymentPostprocessing = 0;
		};
/* End PBXResourcesBuildPhase section */

/* Begin PBXSourcesBuildPhase section */
		068E544C22451F0E003D5B52 /* Sources */ = {
			isa = PBXSourcesBuildPhase;
			buildActionMask = 2147483647;
			files = (
				0626009B2285B29200014C83 /* exStatsViewController.swift in Sources */,
				06532555229821E90044FF50 /* legViewController.swift in Sources */,
				06B29EEB227349DA00018688 /* testViewController.swift in Sources */,
				060FCE89224E7DAD007E0F8F /* Hero.swift in Sources */,
				068E545622451F0E003D5B52 /* ViewController.swift in Sources */,
				068E546822454083003D5B52 /* heroTableViewController.swift in Sources */,
				068E546622453900003D5B52 /* testTableViewCell.swift in Sources */,
				068E545422451F0E003D5B52 /* AppDelegate.swift in Sources */,
			);
			runOnlyForDeploymentPostprocessing = 0;
		};
/* End PBXSourcesBuildPhase section */

/* Begin PBXVariantGroup section */
		068E545722451F0E003D5B52 /* Main.storyboard */ = {
			isa = PBXVariantGroup;
			children = (
				068E545822451F0E003D5B52 /* Base */,
			);
			name = Main.storyboard;
			sourceTree = "<group>";
		};
		068E545C22451F10003D5B52 /* LaunchScreen.storyboard */ = {
			isa = PBXVariantGroup;
			children = (
				068E545D22451F10003D5B52 /* Base */,
			);
			name = LaunchScreen.storyboard;
			sourceTree = "<group>";
		};
/* End PBXVariantGroup section */

/* Begin XCBuildConfiguration section */
		068E546022451F10003D5B52 /* Debug */ = {
			isa = XCBuildConfiguration;
			buildSettings = {
				ALWAYS_SEARCH_USER_PATHS = NO;
				CLANG_ANALYZER_NONNULL = YES;
				CLANG_ANALYZER_NUMBER_OBJECT_CONVERSION = YES_AGGRESSIVE;
				CLANG_CXX_LANGUAGE_STANDARD = "gnu++14";
				CLANG_CXX_LIBRARY = "libc++";
				CLANG_ENABLE_MODULES = YES;
				CLANG_ENABLE_OBJC_ARC = YES;
				CLANG_ENABLE_OBJC_WEAK = YES;
				CLANG_WARN_BLOCK_CAPTURE_AUTORELEASING = YES;
				CLANG_WARN_BOOL_CONVERSION = YES;
				CLANG_WARN_COMMA = YES;
				CLANG_WARN_CONSTANT_CONVERSION = YES;
				CLANG_WARN_DEPRECATED_OBJC_IMPLEMENTATIONS = YES;
				CLANG_WARN_DIRECT_OBJC_ISA_USAGE = YES_ERROR;
				CLANG_WARN_DOCUMENTATION_COMMENTS = YES;
				CLANG_WARN_EMPTY_BODY = YES;
				CLANG_WARN_ENUM_CONVERSION = YES;
				CLANG_WARN_INFINITE_RECURSION = YES;
				CLANG_WARN_INT_CONVERSION = YES;
				CLANG_WARN_NON_LITERAL_NULL_CONVERSION = YES;
				CLANG_WARN_OBJC_IMPLICIT_RETAIN_SELF = YES;
				CLANG_WARN_OBJC_LITERAL_CONVERSION = YES;
				CLANG_WARN_OBJC_ROOT_CLASS = YES_ERROR;
				CLANG_WARN_RANGE_LOOP_ANALYSIS = YES;
				CLANG_WARN_STRICT_PROTOTYPES = YES;
				CLANG_WARN_SUSPICIOUS_MOVE = YES;
				CLANG_WARN_UNGUARDED_AVAILABILITY = YES_AGGRESSIVE;
				CLANG_WARN_UNREACHABLE_CODE = YES;
				CLANG_WARN__DUPLICATE_METHOD_MATCH = YES;
				CODE_SIGN_IDENTITY = "iPhone Developer";
				COPY_PHASE_STRIP = NO;
				DEBUG_INFORMATION_FORMAT = dwarf;
				ENABLE_STRICT_OBJC_MSGSEND = YES;
				ENABLE_TESTABILITY = YES;
				GCC_C_LANGUAGE_STANDARD = gnu11;
				GCC_DYNAMIC_NO_PIC = NO;
				GCC_NO_COMMON_BLOCKS = YES;
				GCC_OPTIMIZATION_LEVEL = 0;
				GCC_PREPROCESSOR_DEFINITIONS = (
					"DEBUG=1",
					"$(inherited)",
				);
				GCC_WARN_64_TO_32_BIT_CONVERSION = YES;
				GCC_WARN_ABOUT_RETURN_TYPE = YES_ERROR;
				GCC_WARN_UNDECLARED_SELECTOR = YES;
				GCC_WARN_UNINITIALIZED_AUTOS = YES_AGGRESSIVE;
				GCC_WARN_UNUSED_FUNCTION = YES;
				GCC_WARN_UNUSED_VARIABLE = YES;
				IPHONEOS_DEPLOYMENT_TARGET = 12.0;
				MTL_ENABLE_DEBUG_INFO = INCLUDE_SOURCE;
				MTL_FAST_MATH = YES;
				ONLY_ACTIVE_ARCH = YES;
				SDKROOT = iphoneos;
				SWIFT_ACTIVE_COMPILATION_CONDITIONS = DEBUG;
				SWIFT_OPTIMIZATION_LEVEL = "-Onone";
			};
			name = Debug;
		};
		068E546122451F10003D5B52 /* Release */ = {
			isa = XCBuildConfiguration;
			buildSettings = {
				ALWAYS_SEARCH_USER_PATHS = NO;
				CLANG_ANALYZER_NONNULL = YES;
				CLANG_ANALYZER_NUMBER_OBJECT_CONVERSION = YES_AGGRESSIVE;
				CLANG_CXX_LANGUAGE_STANDARD = "gnu++14";
				CLANG_CXX_LIBRARY = "libc++";
				CLANG_ENABLE_MODULES = YES;
				CLANG_ENABLE_OBJC_ARC = YES;
				CLANG_ENABLE_OBJC_WEAK = YES;
				CLANG_WARN_BLOCK_CAPTURE_AUTORELEASING = YES;
				CLANG_WARN_BOOL_CONVERSION = YES;
				CLANG_WARN_COMMA = YES;
				CLANG_WARN_CONSTANT_CONVERSION = YES;
				CLANG_WARN_DEPRECATED_OBJC_IMPLEMENTATIONS = YES;
				CLANG_WARN_DIRECT_OBJC_ISA_USAGE = YES_ERROR;
				CLANG_WARN_DOCUMENTATION_COMMENTS = YES;
				CLANG_WARN_EMPTY_BODY = YES;
				CLANG_WARN_ENUM_CONVERSION = YES;
				CLANG_WARN_INFINITE_RECURSION = YES;
				CLANG_WARN_INT_CONVERSION = YES;
				CLANG_WARN_NON_LITERAL_NULL_CONVERSION = YES;
				CLANG_WARN_OBJC_IMPLICIT_RETAIN_SELF = YES;
				CLANG_WARN_OBJC_LITERAL_CONVERSION = YES;
				CLANG_WARN_OBJC_ROOT_CLASS = YES_ERROR;
				CLANG_WARN_RANGE_LOOP_ANALYSIS = YES;
				CLANG_WARN_STRICT_PROTOTYPES = YES;
				CLANG_WARN_SUSPICIOUS_MOVE = YES;
				CLANG_WARN_UNGUARDED_AVAILABILITY = YES_AGGRESSIVE;
				CLANG_WARN_UNREACHABLE_CODE = YES;
				CLANG_WARN__DUPLICATE_METHOD_MATCH = YES;
				CODE_SIGN_IDENTITY = "iPhone Developer";
				COPY_PHASE_STRIP = NO;
				DEBUG_INFORMATION_FORMAT = "dwarf-with-dsym";
				ENABLE_NS_ASSERTIONS = NO;
				ENABLE_STRICT_OBJC_MSGSEND = YES;
				GCC_C_LANGUAGE_STANDARD = gnu11;
				GCC_NO_COMMON_BLOCKS = YES;
				GCC_WARN_64_TO_32_BIT_CONVERSION = YES;
				GCC_WARN_ABOUT_RETURN_TYPE = YES_ERROR;
				GCC_WARN_UNDECLARED_SELECTOR = YES;
				GCC_WARN_UNINITIALIZED_AUTOS = YES_AGGRESSIVE;
				GCC_WARN_UNUSED_FUNCTION = YES;
				GCC_WARN_UNUSED_VARIABLE = YES;
				IPHONEOS_DEPLOYMENT_TARGET = 12.0;
				MTL_ENABLE_DEBUG_INFO = NO;
				MTL_FAST_MATH = YES;
				SDKROOT = iphoneos;
				SWIFT_COMPILATION_MODE = wholemodule;
				SWIFT_OPTIMIZATION_LEVEL = "-O";
				VALIDATE_PRODUCT = YES;
			};
			name = Release;
		};
		068E546322451F10003D5B52 /* Debug */ = {
			isa = XCBuildConfiguration;
			buildSettings = {
				ASSETCATALOG_COMPILER_APPICON_NAME = AppIcon;
				CODE_SIGN_STYLE = Automatic;
				DEVELOPMENT_TEAM = HH8V4AZG83;
				INFOPLIST_FILE = "DOTA api/Info.plist";
				IPHONEOS_DEPLOYMENT_TARGET = 10.1;
				LD_RUNPATH_SEARCH_PATHS = (
					"$(inherited)",
					"@executable_path/Frameworks",
				);
				PRODUCT_BUNDLE_IDENTIFIER = "rms.DOTA-api";
				PRODUCT_NAME = "$(TARGET_NAME)";
				SWIFT_VERSION = 4.2;
				TARGETED_DEVICE_FAMILY = "1,2";
			};
			name = Debug;
		};
		068E546422451F10003D5B52 /* Release */ = {
			isa = XCBuildConfiguration;
			buildSettings = {
				ASSETCATALOG_COMPILER_APPICON_NAME = AppIcon;
				CODE_SIGN_STYLE = Automatic;
				DEVELOPMENT_TEAM = HH8V4AZG83;
				INFOPLIST_FILE = "DOTA api/Info.plist";
				IPHONEOS_DEPLOYMENT_TARGET = 10.1;
				LD_RUNPATH_SEARCH_PATHS = (
					"$(inherited)",
					"@executable_path/Frameworks",
				);
				PRODUCT_BUNDLE_IDENTIFIER = "rms.DOTA-api";
				PRODUCT_NAME = "$(TARGET_NAME)";
				SWIFT_VERSION = 4.2;
				TARGETED_DEVICE_FAMILY = "1,2";
			};
			name = Release;
		};
/* End XCBuildConfiguration section */

/* Begin XCConfigurationList section */
		068E544B22451F0E003D5B52 /* Build configuration list for PBXProject "DOTA api" */ = {
			isa = XCConfigurationList;
			buildConfigurations = (
				068E546022451F10003D5B52 /* Debug */,
				068E546122451F10003D5B52 /* Release */,
			);
			defaultConfigurationIsVisible = 0;
			defaultConfigurationName = Release;
		};
		068E546222451F10003D5B52 /* Build configuration list for PBXNativeTarget "DOTA api" */ = {
			isa = XCConfigurationList;
			buildConfigurations = (
				068E546322451F10003D5B52 /* Debug */,
				068E546422451F10003D5B52 /* Release */,
			);
			defaultConfigurationIsVisible = 0;
			defaultConfigurationName = Release;
		};
/* End XCConfigurationList section */
	};
	rootObject = 068E544822451F0E003D5B52 /* Project object */;
}
